
Microsoft Visual Studio Solution File, Format Version 12.00
# Visual Studio Version 17
VisualStudioVersion = 17.9.34723.18
MinimumVisualStudioVersion = 10.0.40219.1
Project("{FAE04EC0-301F-11D3-BF4B-00C04F79EFBC}") = "Fizmath_bot", "Fizmath_bot.csproj", "{B08884C5-87D8-4EE6-B71E-A570465CF881}"
EndProject
Global
	GlobalSection(SolutionConfigurationPlatforms) = preSolution
		Debug|Any CPU = Debug|Any CPU
		Release|Any CPU = Release|Any CPU
	EndGlobalSection
	GlobalSection(ProjectConfigurationPlatforms) = postSolution
		{B08884C5-87D8-4EE6-B71E-A570465CF881}.Debug|Any CPU.ActiveCfg = Debug|Any CPU
		{B08884C5-87D8-4EE6-B71E-A570465CF881}.Debug|Any CPU.Build.0 = Debug|Any CPU
		{B08884C5-87D8-4EE6-B71E-A570465CF881}.Release|Any CPU.ActiveCfg = Release|Any CPU
		{B08884C5-87D8-4EE6-B71E-A570465CF881}.Release|Any CPU.Build.0 = Release|Any CPU
	EndGlobalSection
	GlobalSection(SolutionProperties) = preSolution
		HideSolutionNode = FALSE
	EndGlobalSection
	GlobalSection(ExtensibilityGlobals) = postSolution
		SolutionGuid = {5A0A9B04-C480-4B86-95D1-90714FD002A5}
	EndGlobalSection
EndGlobal
